PODS:
  - Realm (10.37.0):
    - Realm/Headers (= 10.37.0)
  - Realm/Headers (10.37.0)
  - RealmSwift (10.37.0):
    - Realm (= 10.37.0)

DEPENDENCIES:
  - RealmSwift

SPEC REPOS:
  trunk:
    - Realm
    - RealmSwift

SPEC CHECKSUMS:
  Realm: 9c5fc6f8f5cb70b299f2e3064d2b9f6cb0f1523d
  RealmSwift: 7be7bb45911c16400dd1bfce3a01764ecb4cae7a

PODFILE CHECKSUM: 89f2a899425135662a8ed03c4b8a599a7e4b04ba

COCOAPODS: 1.12.0
